// !$*UTF8*$!
{
	archiveVersion = 1;
	classes = {
	};
	objectVersion = 46;
	objects = {

/* Begin PBXBuildFile section */
		260DC1C71E4C5491002B8EAC /* AppDelegate.swift in Sources */ = {isa = PBXBuildFile; fileRef = 260DC1C61E4C5491002B8EAC /* AppDelegate.swift */; };
		260DC1C91E4C5491002B8EAC /* FirstViewController.swift in Sources */ = {isa = PBXBuildFile; fileRef = 260DC1C81E4C5491002B8EAC /* FirstViewController.swift */; };
		260DC1CB1E4C5491002B8EAC /* SecondViewController.swift in Sources */ = {isa = PBXBuildFile; fileRef = 260DC1CA1E4C5491002B8EAC /* SecondViewController.swift */; };
		260DC1CE1E4C5491002B8EAC /* Main.storyboard in Resources */ = {isa = PBXBuildFile; fileRef = 260DC1CC1E4C5491002B8EAC /* Main.storyboard */; };
		260DC1D01E4C5491002B8EAC /* Assets.xcassets in Resources */ = {isa = PBXBuildFile; fileRef = 260DC1CF1E4C5491002B8EAC /* Assets.xcassets */; };
		260DC1D31E4C5491002B8EAC /* LaunchScreen.storyboard in Resources */ = {isa = PBXBuildFile; fileRef = 260DC1D11E4C5491002B8EAC /* LaunchScreen.storyboard */; };
		260DC1DB1E4C5FA4002B8EAC /* dessertList.plist in Resources */ = {isa = PBXBuildFile; fileRef = 260DC1DA1E4C5FA4002B8EAC /* dessertList.plist */; };
		260DC1E31E4C62B9002B8EAC /* ThirdViewController.swift in Sources */ = {isa = PBXBuildFile; fileRef = 260DC1E21E4C62B9002B8EAC /* ThirdViewController.swift */; };
/* End PBXBuildFile section */

/* Begin PBXFileReference section */
		260DC1C31E4C5491002B8EAC /* Desserts.app */ = {isa = PBXFileReference; explicitFileType = wrapper.application; includeInIndex = 0; path = Desserts.app; sourceTree = BUILT_PRODUCTS_DIR; };
		260DC1C61E4C5491002B8EAC /* AppDelegate.swift */ = {isa = PBXFileReference; lastKnownFileType = sourcecode.swift; path = AppDelegate.swift; sourceTree = "<group>"; };
		260DC1C81E4C5491002B8EAC /* FirstViewController.swift */ = {isa = PBXFileReference; lastKnownFileType = sourcecode.swift; path = FirstViewController.swift; sourceTree = "<group>"; };
		260DC1CA1E4C5491002B8EAC /* SecondViewController.swift */ = {isa = PBXFileReference; lastKnownFileType = sourcecode.swift; path = SecondViewController.swift; sourceTree = "<group>"; };
		260DC1CD1E4C5491002B8EAC /* Base */ = {isa = PBXFileReference; lastKnownFileType = file.storyboard; name = Base; path = Base.lproj/Main.storyboard; sourceTree = "<group>"; };
		260DC1CF1E4C5491002B8EAC /* Assets.xcassets */ = {isa = PBXFileReference; lastKnownFileType = folder.assetcatalog; path = Assets.xcassets; sourceTree = "<group>"; };
		260DC1D21E4C5491002B8EAC /* Base */ = {isa = PBXFileReference; lastKnownFileType = file.storyboard; name = Base; path = Base.lproj/LaunchScreen.storyboard; sourceTree = "<group>"; };
		260DC1D41E4C5491002B8EAC /* Info.plist */ = {isa = PBXFileReference; lastKnownFileType = text.plist.xml; path = Info.plist; sourceTree = "<group>"; };
		260DC1DA1E4C5FA4002B8EAC /* dessertList.plist */ = {isa = PBXFileReference; fileEncoding = 4; lastKnownFileType = text.plist.xml; path = dessertList.plist; sourceTree = "<group>"; };
		260DC1E21E4C62B9002B8EAC /* ThirdViewController.swift */ = {isa = PBXFileReference; fileEncoding = 4; lastKnownFileType = sourcecode.swift; path = ThirdViewController.swift; sourceTree = "<group>"; };
/* End PBXFileReference section */

/* Begin PBXFrameworksBuildPhase section */
		260DC1C01E4C5491002B8EAC /* Frameworks */ = {
			isa = PBXFrameworksBuildPhase;
			buildActionMask = 2147483647;
			files = (
			);
			runOnlyForDeploymentPostprocessing = 0;
		};
/* End PBXFrameworksBuildPhase section */

/* Begin PBXGroup section */
		260DC1BA1E4C5491002B8EAC = {
			isa = PBXGroup;
			children = (
				260DC1C51E4C5491002B8EAC /* Desserts */,
				260DC1C41E4C5491002B8EAC /* Products */,
			);
			sourceTree = "<group>";
		};
		260DC1C41E4C5491002B8EAC /* Products */ = {
			isa = PBXGroup;
			children = (
				260DC1C31E4C5491002B8EAC /* Desserts.app */,
			);
			name = Products;
			sourceTree = "<group>";
		};
		260DC1C51E4C5491002B8EAC /* Desserts */ = {
			isa = PBXGroup;
			children = (
				260DC1C61E4C5491002B8EAC /* AppDelegate.swift */,
				260DC1C81E4C5491002B8EAC /* FirstViewController.swift */,
				260DC1CA1E4C5491002B8EAC /* SecondViewController.swift */,
				260DC1E21E4C62B9002B8EAC /* ThirdViewController.swift */,
				260DC1DA1E4C5FA4002B8EAC /* dessertList.plist */,
				260DC1CC1E4C5491002B8EAC /* Main.storyboard */,
				260DC1CF1E4C5491002B8EAC /* Assets.xcassets */,
				260DC1D11E4C5491002B8EAC /* LaunchScreen.storyboard */,
				260DC1D41E4C5491002B8EAC /* Info.plist */,
			);
			path = Desserts;
			sourceTree = "<group>";
		};
/* End PBXGroup section */

/* Begin PBXNativeTarget section */
		260DC1C21E4C5491002B8EAC /* Desserts */ = {
			isa = PBXNativeTarget;
			buildConfigurationList = 260DC1D71E4C5491002B8EAC /* Build configuration list for PBXNativeTarget "Desserts" */;
			buildPhases = (
				260DC1BF1E4C5491002B8EAC /* Sources */,
				260DC1C01E4C5491002B8EAC /* Frameworks */,
				260DC1C11E4C5491002B8EAC /* Resources */,
			);
			buildRules = (
			);
			dependencies = (
			);
			name = Desserts;
			productName = Desserts;
			productReference = 260DC1C31E4C5491002B8EAC /* Desserts.app */;
			productType = "com.apple.product-type.application";
		};
/* End PBXNativeTarget section */

/* Begin PBXProject section */
		260DC1BB1E4C5491002B8EAC /* Project object */ = {
			isa = PBXProject;
			attributes = {
				LastSwiftUpdateCheck = 0820;
				LastUpgradeCheck = 0820;
				ORGANIZATIONNAME = "Andrew Taylor-Shaut";
				TargetAttributes = {
					260DC1C21E4C5491002B8EAC = {
						CreatedOnToolsVersion = 8.2.1;
						DevelopmentTeam = 8KY7EGDSQQ;
						ProvisioningStyle = Automatic;
					};
				};
			};
			buildConfigurationList = 260DC1BE1E4C5491002B8EAC /* Build configuration list for PBXProject "Desserts" */;
			compatibilityVersion = "Xcode 3.2";
			developmentRegion = English;
			hasScannedForEncodings = 0;
			knownRegions = (
				en,
				Base,
			);
			mainGroup = 260DC1BA1E4C5491002B8EAC;
			productRefGroup = 260DC1C41E4C5491002B8EAC /* Products */;
			projectDirPath = "";
			projectRoot = "";
			targets = (
				260DC1C21E4C5491002B8EAC /* Desserts */,
			);
		};
/* End PBXProject section */

/* Begin PBXResourcesBuildPhase section */
		260DC1C11E4C5491002B8EAC /* Resources */ = {
			isa = PBXResourcesBuildPhase;
			buildActionMask = 2147483647;
			files = (
				260DC1D31E4C5491002B8EAC /* LaunchScreen.storyboard in Resources */,
				260DC1D01E4C5491002B8EAC /* Assets.xcassets in Resources */,
				260DC1DB1E4C5FA4002B8EAC /* dessertList.plist in Resources */,
				260DC1CE1E4C5491002B8EAC /* Main.storyboard in Resources */,
			);
			runOnlyForDeploymentPostprocessing = 0;
		};
/* End PBXResourcesBuildPhase section */

/* Begin PBXSourcesBuildPhase section */
		260DC1BF1E4C5491002B8EAC /* Sources */ = {
			isa = PBXSourcesBuildPhase;
			buildActionMask = 2147483647;
			files = (
				260DC1CB1E4C5491002B8EAC /* SecondViewController.swift in Sources */,
				260DC1C71E4C5491002B8EAC /* AppDelegate.swift in Sources */,
				260DC1E31E4C62B9002B8EAC /* ThirdViewController.swift in Sources */,
				260DC1C91E4C5491002B8EAC /* FirstViewController.swift in Sources */,
			);
			runOnlyForDeploymentPostprocessing = 0;
		};
/* End PBXSourcesBuildPhase section */

/* Begin PBXVariantGroup section */
		260DC1CC1E4C5491002B8EAC /* Main.storyboard */ = {
			isa = PBXVariantGroup;
			children = (
				260DC1CD1E4C5491002B8EAC /* Base */,
			);
			name = Main.storyboard;
			sourceTree = "<group>";
		};
		260DC1D11E4C5491002B8EAC /* LaunchScreen.storyboard */ = {
			isa = PBXVariantGroup;
			children = (
				260DC1D21E4C5491002B8EAC /* Base */,
			);
			name = LaunchScreen.storyboard;
			sourceTree = "<group>";
		};
/* End PBXVariantGroup section */

/* Begin XCBuildConfiguration section */
		260DC1D51E4C5491002B8EAC /* Debug */ = {
			isa = XCBuildConfiguration;
			buildSettings = {
				ALWAYS_SEARCH_USER_PATHS = NO;
				CLANG_ANALYZER_NONNULL = YES;
				CLANG_CXX_LANGUAGE_STANDARD = "gnu++0x";
				CLANG_CXX_LIBRARY = "libc++";
				CLANG_ENABLE_MODULES = YES;
				CLANG_ENABLE_OBJC_ARC = YES;
				CLANG_WARN_BOOL_CONVERSION = YES;
				CLANG_WARN_CONSTANT_CONVERSION = YES;
				CLANG_WARN_DIRECT_OBJC_ISA_USAGE = YES_ERROR;
				CLANG_WARN_DOCUMENTATION_COMMENTS = YES;
				CLANG_WARN_EMPTY_BODY = YES;
				CLANG_WARN_ENUM_CONVERSION = YES;
				CLANG_WARN_INFINITE_RECURSION = YES;
				CLANG_WARN_INT_CONVERSION = YES;
				CLANG_WARN_OBJC_ROOT_CLASS = YES_ERROR;
				CLANG_WARN_SUSPICIOUS_MOVE = YES;
				CLANG_WARN_UNREACHABLE_CODE = YES;
				CLANG_WARN__DUPLICATE_METHOD_MATCH = YES;
				"CODE_SIGN_IDENTITY[sdk=iphoneos*]" = "iPhone Developer";
				COPY_PHASE_STRIP = NO;
				DEBUG_INFORMATION_FORMAT = dwarf;
				ENABLE_STRICT_OBJC_MSGSEND = YES;
				ENABLE_TESTABILITY = YES;
				GCC_C_LANGUAGE_STANDARD = gnu99;
				GCC_DYNAMIC_NO_PIC = NO;
				GCC_NO_COMMON_BLOCKS = YES;
				GCC_OPTIMIZATION_LEVEL = 0;
				GCC_PREPROCESSOR_DEFINITIONS = (
					"DEBUG=1",
					"$(inherited)",
				);
				GCC_WARN_64_TO_32_BIT_CONVERSION = YES;
				GCC_WARN_ABOUT_RETURN_TYPE = YES_ERROR;
				GCC_WARN_UNDECLARED_SELECTOR = YES;
				GCC_WARN_UNINITIALIZED_AUTOS = YES_AGGRESSIVE;
				GCC_WARN_UNUSED_FUNCTION = YES;
				GCC_WARN_UNUSED_VARIABLE = YES;
				IPHONEOS_DEPLOYMENT_TARGET = 10.2;
				MTL_ENABLE_DEBUG_INFO = YES;
				ONLY_ACTIVE_ARCH = YES;
				SDKROOT = iphoneos;
				SWIFT_ACTIVE_COMPILATION_CONDITIONS = DEBUG;
				SWIFT_OPTIMIZATION_LEVEL = "-Onone";
			};
			name = Debug;
		};
		260DC1D61E4C5491002B8EAC /* Release */ = {
			isa = XCBuildConfiguration;
			buildSettings = {
				ALWAYS_SEARCH_USER_PATHS = NO;
				CLANG_ANALYZER_NONNULL = YES;
				CLANG_CXX_LANGUAGE_STANDARD = "gnu++0x";
				CLANG_CXX_LIBRARY = "libc++";
				CLANG_ENABLE_MODULES = YES;
				CLANG_ENABLE_OBJC_ARC = YES;
				CLANG_WARN_BOOL_CONVERSION = YES;
				CLANG_WARN_CONSTANT_CONVERSION = YES;
				CLANG_WARN_DIRECT_OBJC_ISA_USAGE = YES_ERROR;
				CLANG_WARN_DOCUMENTATION_COMMENTS = YES;
				CLANG_WARN_EMPTY_BODY = YES;
				CLANG_WARN_ENUM_CONVERSION = YES;
				CLANG_WARN_INFINITE_RECURSION = YES;
				CLANG_WARN_INT_CONVERSION = YES;
				CLANG_WARN_OBJC_ROOT_CLASS = YES_ERROR;
				CLANG_WARN_SUSPICIOUS_MOVE = YES;
				CLANG_WARN_UNREACHABLE_CODE = YES;
				CLANG_WARN__DUPLICATE_METHOD_MATCH = YES;
				"CODE_SIGN_IDENTITY[sdk=iphoneos*]" = "iPhone Developer";
				COPY_PHASE_STRIP = NO;
				DEBUG_INFORMATION_FORMAT = "dwarf-with-dsym";
				ENABLE_NS_ASSERTIONS = NO;
				ENABLE_STRICT_OBJC_MSGSEND = YES;
				GCC_C_LANGUAGE_STANDARD = gnu99;
				GCC_NO_COMMON_BLOCKS = YES;
				GCC_WARN_64_TO_32_BIT_CONVERSION = YES;
				GCC_WARN_ABOUT_RETURN_TYPE = YES_ERROR;
				GCC_WARN_UNDECLARED_SELECTOR = YES;
				GCC_WARN_UNINITIALIZED_AUTOS = YES_AGGRESSIVE;
				GCC_WARN_UNUSED_FUNCTION = YES;
				GCC_WARN_UNUSED_VARIABLE = YES;
				IPHONEOS_DEPLOYMENT_TARGET = 10.2;
				MTL_ENABLE_DEBUG_INFO = NO;
				SDKROOT = iphoneos;
				SWIFT_OPTIMIZATION_LEVEL = "-Owholemodule";
				VALIDATE_PRODUCT = YES;
			};
			name = Release;
		};
		260DC1D81E4C5491002B8EAC /* Debug */ = {
			isa = XCBuildConfiguration;
			buildSettings = {
				ASSETCATALOG_COMPILER_APPICON_NAME = AppIcon;
				DEVELOPMENT_TEAM = 8KY7EGDSQQ;
				INFOPLIST_FILE = Desserts/Info.plist;
				LD_RUNPATH_SEARCH_PATHS = "$(inherited) @executable_path/Frameworks";
				PRODUCT_BUNDLE_IDENTIFIER = "com.andrewtaylor-shaut.Desserts";
				PRODUCT_NAME = "$(TARGET_NAME)";
				SWIFT_VERSION = 3.0;
			};
			name = Debug;
		};
		260DC1D91E4C5491002B8EAC /* Release */ = {
			isa = XCBuildConfiguration;
			buildSettings = {
				ASSETCATALOG_COMPILER_APPICON_NAME = AppIcon;
				DEVELOPMENT_TEAM = 8KY7EGDSQQ;
				INFOPLIST_FILE = Desserts/Info.plist;
				LD_RUNPATH_SEARCH_PATHS = "$(inherited) @executable_path/Frameworks";
				PRODUCT_BUNDLE_IDENTIFIER = "com.andrewtaylor-shaut.Desserts";
				PRODUCT_NAME = "$(TARGET_NAME)";
				SWIFT_VERSION = 3.0;
			};
			name = Release;
		};
/* End XCBuildConfiguration section */

/* Begin XCConfigurationList section */
		260DC1BE1E4C5491002B8EAC /* Build configuration list for PBXProject "Desserts" */ = {
			isa = XCConfigurationList;
			buildConfigurations = (
				260DC1D51E4C5491002B8EAC /* Debug */,
				260DC1D61E4C5491002B8EAC /* Release */,
			);
			defaultConfigurationIsVisible = 0;
			defaultConfigurationName = Release;
		};
		260DC1D71E4C5491002B8EAC /* Build configuration list for PBXNativeTarget "Desserts" */ = {
			isa = XCConfigurationList;
			buildConfigurations = (
				260DC1D81E4C5491002B8EAC /* Debug */,
				260DC1D91E4C5491002B8EAC /* Release */,
			);
			defaultConfigurationIsVisible = 0;
		};
/* End XCConfigurationList section */
	};
	rootObject = 260DC1BB1E4C5491002B8EAC /* Project object */;
}
