// !$*UTF8*$!
{
	archiveVersion = 1;
	classes = {
	};
	objectVersion = 46;
	objects = {

/* Begin PBXBuildFile section */
		262543A01E8140C6006AD5D6 /* AppDelegate.swift in Sources */ = {isa = PBXBuildFile; fileRef = 2625439F1E8140C6006AD5D6 /* AppDelegate.swift */; };
		262543A21E8140C6006AD5D6 /* MasterViewController.swift in Sources */ = {isa = PBXBuildFile; fileRef = 262543A11E8140C6006AD5D6 /* MasterViewController.swift */; };
		262543A41E8140C6006AD5D6 /* DetailViewController.swift in Sources */ = {isa = PBXBuildFile; fileRef = 262543A31E8140C6006AD5D6 /* DetailViewController.swift */; };
		262543A71E8140C6006AD5D6 /* Main.storyboard in Resources */ = {isa = PBXBuildFile; fileRef = 262543A51E8140C6006AD5D6 /* Main.storyboard */; };
		262543A91E8140C6006AD5D6 /* Assets.xcassets in Resources */ = {isa = PBXBuildFile; fileRef = 262543A81E8140C6006AD5D6 /* Assets.xcassets */; };
		262543AC1E8140C6006AD5D6 /* LaunchScreen.storyboard in Resources */ = {isa = PBXBuildFile; fileRef = 262543AA1E8140C6006AD5D6 /* LaunchScreen.storyboard */; };
		262543B41E814387006AD5D6 /* cavs.plist in Resources */ = {isa = PBXBuildFile; fileRef = 262543B31E814387006AD5D6 /* cavs.plist */; };
/* End PBXBuildFile section */

/* Begin PBXFileReference section */
		2625439C1E8140C6006AD5D6 /* Cavs.app */ = {isa = PBXFileReference; explicitFileType = wrapper.application; includeInIndex = 0; path = Cavs.app; sourceTree = BUILT_PRODUCTS_DIR; };
		2625439F1E8140C6006AD5D6 /* AppDelegate.swift */ = {isa = PBXFileReference; lastKnownFileType = sourcecode.swift; path = AppDelegate.swift; sourceTree = "<group>"; };
		262543A11E8140C6006AD5D6 /* MasterViewController.swift */ = {isa = PBXFileReference; lastKnownFileType = sourcecode.swift; path = MasterViewController.swift; sourceTree = "<group>"; };
		262543A31E8140C6006AD5D6 /* DetailViewController.swift */ = {isa = PBXFileReference; lastKnownFileType = sourcecode.swift; path = DetailViewController.swift; sourceTree = "<group>"; };
		262543A61E8140C6006AD5D6 /* Base */ = {isa = PBXFileReference; lastKnownFileType = file.storyboard; name = Base; path = Base.lproj/Main.storyboard; sourceTree = "<group>"; };
		262543A81E8140C6006AD5D6 /* Assets.xcassets */ = {isa = PBXFileReference; lastKnownFileType = folder.assetcatalog; path = Assets.xcassets; sourceTree = "<group>"; };
		262543AB1E8140C6006AD5D6 /* Base */ = {isa = PBXFileReference; lastKnownFileType = file.storyboard; name = Base; path = Base.lproj/LaunchScreen.storyboard; sourceTree = "<group>"; };
		262543AD1E8140C6006AD5D6 /* Info.plist */ = {isa = PBXFileReference; lastKnownFileType = text.plist.xml; path = Info.plist; sourceTree = "<group>"; };
		262543B31E814387006AD5D6 /* cavs.plist */ = {isa = PBXFileReference; fileEncoding = 4; lastKnownFileType = text.plist.xml; path = cavs.plist; sourceTree = "<group>"; };
/* End PBXFileReference section */

/* Begin PBXFrameworksBuildPhase section */
		262543991E8140C6006AD5D6 /* Frameworks */ = {
			isa = PBXFrameworksBuildPhase;
			buildActionMask = 2147483647;
			files = (
			);
			runOnlyForDeploymentPostprocessing = 0;
		};
/* End PBXFrameworksBuildPhase section */

/* Begin PBXGroup section */
		262543931E8140C6006AD5D6 = {
			isa = PBXGroup;
			children = (
				2625439E1E8140C6006AD5D6 /* Cavs */,
				2625439D1E8140C6006AD5D6 /* Products */,
			);
			sourceTree = "<group>";
		};
		2625439D1E8140C6006AD5D6 /* Products */ = {
			isa = PBXGroup;
			children = (
				2625439C1E8140C6006AD5D6 /* Cavs.app */,
			);
			name = Products;
			sourceTree = "<group>";
		};
		2625439E1E8140C6006AD5D6 /* Cavs */ = {
			isa = PBXGroup;
			children = (
				2625439F1E8140C6006AD5D6 /* AppDelegate.swift */,
				262543A11E8140C6006AD5D6 /* MasterViewController.swift */,
				262543A31E8140C6006AD5D6 /* DetailViewController.swift */,
				262543A51E8140C6006AD5D6 /* Main.storyboard */,
				262543A81E8140C6006AD5D6 /* Assets.xcassets */,
				262543AA1E8140C6006AD5D6 /* LaunchScreen.storyboard */,
				262543AD1E8140C6006AD5D6 /* Info.plist */,
				262543B31E814387006AD5D6 /* cavs.plist */,
			);
			path = Cavs;
			sourceTree = "<group>";
		};
/* End PBXGroup section */

/* Begin PBXNativeTarget section */
		2625439B1E8140C6006AD5D6 /* Cavs */ = {
			isa = PBXNativeTarget;
			buildConfigurationList = 262543B01E8140C6006AD5D6 /* Build configuration list for PBXNativeTarget "Cavs" */;
			buildPhases = (
				262543981E8140C6006AD5D6 /* Sources */,
				262543991E8140C6006AD5D6 /* Frameworks */,
				2625439A1E8140C6006AD5D6 /* Resources */,
			);
			buildRules = (
			);
			dependencies = (
			);
			name = Cavs;
			productName = Cavs;
			productReference = 2625439C1E8140C6006AD5D6 /* Cavs.app */;
			productType = "com.apple.product-type.application";
		};
/* End PBXNativeTarget section */

/* Begin PBXProject section */
		262543941E8140C6006AD5D6 /* Project object */ = {
			isa = PBXProject;
			attributes = {
				LastSwiftUpdateCheck = 0820;
				LastUpgradeCheck = 0820;
				ORGANIZATIONNAME = "Andrew Taylor-Shaut";
				TargetAttributes = {
					2625439B1E8140C6006AD5D6 = {
						CreatedOnToolsVersion = 8.2.1;
						DevelopmentTeam = 8KY7EGDSQQ;
						ProvisioningStyle = Automatic;
					};
				};
			};
			buildConfigurationList = 262543971E8140C6006AD5D6 /* Build configuration list for PBXProject "Cavs" */;
			compatibilityVersion = "Xcode 3.2";
			developmentRegion = English;
			hasScannedForEncodings = 0;
			knownRegions = (
				en,
				Base,
			);
			mainGroup = 262543931E8140C6006AD5D6;
			productRefGroup = 2625439D1E8140C6006AD5D6 /* Products */;
			projectDirPath = "";
			projectRoot = "";
			targets = (
				2625439B1E8140C6006AD5D6 /* Cavs */,
			);
		};
/* End PBXProject section */

/* Begin PBXResourcesBuildPhase section */
		2625439A1E8140C6006AD5D6 /* Resources */ = {
			isa = PBXResourcesBuildPhase;
			buildActionMask = 2147483647;
			files = (
				262543AC1E8140C6006AD5D6 /* LaunchScreen.storyboard in Resources */,
				262543A91E8140C6006AD5D6 /* Assets.xcassets in Resources */,
				262543A71E8140C6006AD5D6 /* Main.storyboard in Resources */,
				262543B41E814387006AD5D6 /* cavs.plist in Resources */,
			);
			runOnlyForDeploymentPostprocessing = 0;
		};
/* End PBXResourcesBuildPhase section */

/* Begin PBXSourcesBuildPhase section */
		262543981E8140C6006AD5D6 /* Sources */ = {
			isa = PBXSourcesBuildPhase;
			buildActionMask = 2147483647;
			files = (
				262543A41E8140C6006AD5D6 /* DetailViewController.swift in Sources */,
				262543A21E8140C6006AD5D6 /* MasterViewController.swift in Sources */,
				262543A01E8140C6006AD5D6 /* AppDelegate.swift in Sources */,
			);
			runOnlyForDeploymentPostprocessing = 0;
		};
/* End PBXSourcesBuildPhase section */

/* Begin PBXVariantGroup section */
		262543A51E8140C6006AD5D6 /* Main.storyboard */ = {
			isa = PBXVariantGroup;
			children = (
				262543A61E8140C6006AD5D6 /* Base */,
			);
			name = Main.storyboard;
			sourceTree = "<group>";
		};
		262543AA1E8140C6006AD5D6 /* LaunchScreen.storyboard */ = {
			isa = PBXVariantGroup;
			children = (
				262543AB1E8140C6006AD5D6 /* Base */,
			);
			name = LaunchScreen.storyboard;
			sourceTree = "<group>";
		};
/* End PBXVariantGroup section */

/* Begin XCBuildConfiguration section */
		262543AE1E8140C6006AD5D6 /* Debug */ = {
			isa = XCBuildConfiguration;
			buildSettings = {
				ALWAYS_SEARCH_USER_PATHS = NO;
				CLANG_ANALYZER_NONNULL = YES;
				CLANG_CXX_LANGUAGE_STANDARD = "gnu++0x";
				CLANG_CXX_LIBRARY = "libc++";
				CLANG_ENABLE_MODULES = YES;
				CLANG_ENABLE_OBJC_ARC = YES;
				CLANG_WARN_BOOL_CONVERSION = YES;
				CLANG_WARN_CONSTANT_CONVERSION = YES;
				CLANG_WARN_DIRECT_OBJC_ISA_USAGE = YES_ERROR;
				CLANG_WARN_DOCUMENTATION_COMMENTS = YES;
				CLANG_WARN_EMPTY_BODY = YES;
				CLANG_WARN_ENUM_CONVERSION = YES;
				CLANG_WARN_INFINITE_RECURSION = YES;
				CLANG_WARN_INT_CONVERSION = YES;
				CLANG_WARN_OBJC_ROOT_CLASS = YES_ERROR;
				CLANG_WARN_SUSPICIOUS_MOVE = YES;
				CLANG_WARN_UNREACHABLE_CODE = YES;
				CLANG_WARN__DUPLICATE_METHOD_MATCH = YES;
				"CODE_SIGN_IDENTITY[sdk=iphoneos*]" = "iPhone Developer";
				COPY_PHASE_STRIP = NO;
				DEBUG_INFORMATION_FORMAT = dwarf;
				ENABLE_STRICT_OBJC_MSGSEND = YES;
				ENABLE_TESTABILITY = YES;
				GCC_C_LANGUAGE_STANDARD = gnu99;
				GCC_DYNAMIC_NO_PIC = NO;
				GCC_NO_COMMON_BLOCKS = YES;
				GCC_OPTIMIZATION_LEVEL = 0;
				GCC_PREPROCESSOR_DEFINITIONS = (
					"DEBUG=1",
					"$(inherited)",
				);
				GCC_WARN_64_TO_32_BIT_CONVERSION = YES;
				GCC_WARN_ABOUT_RETURN_TYPE = YES_ERROR;
				GCC_WARN_UNDECLARED_SELECTOR = YES;
				GCC_WARN_UNINITIALIZED_AUTOS = YES_AGGRESSIVE;
				GCC_WARN_UNUSED_FUNCTION = YES;
				GCC_WARN_UNUSED_VARIABLE = YES;
				IPHONEOS_DEPLOYMENT_TARGET = 10.2;
				MTL_ENABLE_DEBUG_INFO = YES;
				ONLY_ACTIVE_ARCH = YES;
				SDKROOT = iphoneos;
				SWIFT_ACTIVE_COMPILATION_CONDITIONS = DEBUG;
				SWIFT_OPTIMIZATION_LEVEL = "-Onone";
				TARGETED_DEVICE_FAMILY = "1,2";
			};
			name = Debug;
		};
		262543AF1E8140C6006AD5D6 /* Release */ = {
			isa = XCBuildConfiguration;
			buildSettings = {
				ALWAYS_SEARCH_USER_PATHS = NO;
				CLANG_ANALYZER_NONNULL = YES;
				CLANG_CXX_LANGUAGE_STANDARD = "gnu++0x";
				CLANG_CXX_LIBRARY = "libc++";
				CLANG_ENABLE_MODULES = YES;
				CLANG_ENABLE_OBJC_ARC = YES;
				CLANG_WARN_BOOL_CONVERSION = YES;
				CLANG_WARN_CONSTANT_CONVERSION = YES;
				CLANG_WARN_DIRECT_OBJC_ISA_USAGE = YES_ERROR;
				CLANG_WARN_DOCUMENTATION_COMMENTS = YES;
				CLANG_WARN_EMPTY_BODY = YES;
				CLANG_WARN_ENUM_CONVERSION = YES;
				CLANG_WARN_INFINITE_RECURSION = YES;
				CLANG_WARN_INT_CONVERSION = YES;
				CLANG_WARN_OBJC_ROOT_CLASS = YES_ERROR;
				CLANG_WARN_SUSPICIOUS_MOVE = YES;
				CLANG_WARN_UNREACHABLE_CODE = YES;
				CLANG_WARN__DUPLICATE_METHOD_MATCH = YES;
				"CODE_SIGN_IDENTITY[sdk=iphoneos*]" = "iPhone Developer";
				COPY_PHASE_STRIP = NO;
				DEBUG_INFORMATION_FORMAT = "dwarf-with-dsym";
				ENABLE_NS_ASSERTIONS = NO;
				ENABLE_STRICT_OBJC_MSGSEND = YES;
				GCC_C_LANGUAGE_STANDARD = gnu99;
				GCC_NO_COMMON_BLOCKS = YES;
				GCC_WARN_64_TO_32_BIT_CONVERSION = YES;
				GCC_WARN_ABOUT_RETURN_TYPE = YES_ERROR;
				GCC_WARN_UNDECLARED_SELECTOR = YES;
				GCC_WARN_UNINITIALIZED_AUTOS = YES_AGGRESSIVE;
				GCC_WARN_UNUSED_FUNCTION = YES;
				GCC_WARN_UNUSED_VARIABLE = YES;
				IPHONEOS_DEPLOYMENT_TARGET = 10.2;
				MTL_ENABLE_DEBUG_INFO = NO;
				SDKROOT = iphoneos;
				SWIFT_OPTIMIZATION_LEVEL = "-Owholemodule";
				TARGETED_DEVICE_FAMILY = "1,2";
				VALIDATE_PRODUCT = YES;
			};
			name = Release;
		};
		262543B11E8140C6006AD5D6 /* Debug */ = {
			isa = XCBuildConfiguration;
			buildSettings = {
				ASSETCATALOG_COMPILER_APPICON_NAME = AppIcon;
				DEVELOPMENT_TEAM = 8KY7EGDSQQ;
				INFOPLIST_FILE = Cavs/Info.plist;
				LD_RUNPATH_SEARCH_PATHS = "$(inherited) @executable_path/Frameworks";
				PRODUCT_BUNDLE_IDENTIFIER = "com.andrewtaylor-shaut.Cavs";
				PRODUCT_NAME = "$(TARGET_NAME)";
				SWIFT_VERSION = 3.0;
			};
			name = Debug;
		};
		262543B21E8140C6006AD5D6 /* Release */ = {
			isa = XCBuildConfiguration;
			buildSettings = {
				ASSETCATALOG_COMPILER_APPICON_NAME = AppIcon;
				DEVELOPMENT_TEAM = 8KY7EGDSQQ;
				INFOPLIST_FILE = Cavs/Info.plist;
				LD_RUNPATH_SEARCH_PATHS = "$(inherited) @executable_path/Frameworks";
				PRODUCT_BUNDLE_IDENTIFIER = "com.andrewtaylor-shaut.Cavs";
				PRODUCT_NAME = "$(TARGET_NAME)";
				SWIFT_VERSION = 3.0;
			};
			name = Release;
		};
/* End XCBuildConfiguration section */

/* Begin XCConfigurationList section */
		262543971E8140C6006AD5D6 /* Build configuration list for PBXProject "Cavs" */ = {
			isa = XCConfigurationList;
			buildConfigurations = (
				262543AE1E8140C6006AD5D6 /* Debug */,
				262543AF1E8140C6006AD5D6 /* Release */,
			);
			defaultConfigurationIsVisible = 0;
			defaultConfigurationName = Release;
		};
		262543B01E8140C6006AD5D6 /* Build configuration list for PBXNativeTarget "Cavs" */ = {
			isa = XCConfigurationList;
			buildConfigurations = (
				262543B11E8140C6006AD5D6 /* Debug */,
				262543B21E8140C6006AD5D6 /* Release */,
			);
			defaultConfigurationIsVisible = 0;
		};
/* End XCConfigurationList section */
	};
	rootObject = 262543941E8140C6006AD5D6 /* Project object */;
}
